// !$*UTF8*$!
{
	archiveVersion = 1;
	classes = {
	};
	objectVersion = 56;
	objects = {

/* Begin PBXBuildFile section */
		3507C5E22A7AA5D2008E9857 /* RMSearchView.swift in Sources */ = {isa = PBXBuildFile; fileRef = 3507C5E12A7AA5D2008E9857 /* RMSearchView.swift */; };
		3507C5E52A7AA69A008E9857 /* RMSearchViewVM.swift in Sources */ = {isa = PBXBuildFile; fileRef = 3507C5E42A7AA69A008E9857 /* RMSearchViewVM.swift */; };
		3507C5E72A7AB1B7008E9857 /* RMNoSearchResultsView.swift in Sources */ = {isa = PBXBuildFile; fileRef = 3507C5E62A7AB1B7008E9857 /* RMNoSearchResultsView.swift */; };
		3507C5E92A7AB1D3008E9857 /* RMNoSearchResultsViewVM.swift in Sources */ = {isa = PBXBuildFile; fileRef = 3507C5E82A7AB1D3008E9857 /* RMNoSearchResultsViewVM.swift */; };
		3507C5EB2A7AB21E008E9857 /* RMSearchInputView.swift in Sources */ = {isa = PBXBuildFile; fileRef = 3507C5EA2A7AB21E008E9857 /* RMSearchInputView.swift */; };
		3507C5ED2A7AB23B008E9857 /* RMSearchInputViewVM.swift in Sources */ = {isa = PBXBuildFile; fileRef = 3507C5EC2A7AB23B008E9857 /* RMSearchInputViewVM.swift */; };
		3507C5EF2A7BF97D008E9857 /* RMSearchOptionPickerViewController.swift in Sources */ = {isa = PBXBuildFile; fileRef = 3507C5EE2A7BF97D008E9857 /* RMSearchOptionPickerViewController.swift */; };
		358262CB2A8030140085AFF5 /* RMSearchResultVM.swift in Sources */ = {isa = PBXBuildFile; fileRef = 358262CA2A8030140085AFF5 /* RMSearchResultVM.swift */; };
		358262CD2A80E3B70085AFF5 /* RMSearchResultsView.swift in Sources */ = {isa = PBXBuildFile; fileRef = 358262CC2A80E3B70085AFF5 /* RMSearchResultsView.swift */; };
		358D0EBD2A5FECEB00EE4749 /* AppDelegate.swift in Sources */ = {isa = PBXBuildFile; fileRef = 358D0EBC2A5FECEB00EE4749 /* AppDelegate.swift */; };
		358D0EBF2A5FECEB00EE4749 /* SceneDelegate.swift in Sources */ = {isa = PBXBuildFile; fileRef = 358D0EBE2A5FECEB00EE4749 /* SceneDelegate.swift */; };
		358D0EC12A5FECEB00EE4749 /* RMTabBarController.swift in Sources */ = {isa = PBXBuildFile; fileRef = 358D0EC02A5FECEB00EE4749 /* RMTabBarController.swift */; };
		358D0EC62A5FECF200EE4749 /* Assets.xcassets in Resources */ = {isa = PBXBuildFile; fileRef = 358D0EC52A5FECF200EE4749 /* Assets.xcassets */; };
		358D0EC92A5FECF200EE4749 /* LaunchScreen.storyboard in Resources */ = {isa = PBXBuildFile; fileRef = 358D0EC72A5FECF200EE4749 /* LaunchScreen.storyboard */; };
		358D0EDA2A5FEF4E00EE4749 /* RMLocation.swift in Sources */ = {isa = PBXBuildFile; fileRef = 358D0ED92A5FEF4E00EE4749 /* RMLocation.swift */; };
		358D0EDC2A5FEF6800EE4749 /* RMCharacter.swift in Sources */ = {isa = PBXBuildFile; fileRef = 358D0EDB2A5FEF6800EE4749 /* RMCharacter.swift */; };
		358D0EDE2A5FEF7700EE4749 /* RMEpisode.swift in Sources */ = {isa = PBXBuildFile; fileRef = 358D0EDD2A5FEF7700EE4749 /* RMEpisode.swift */; };
		358D0EE12A5FF00E00EE4749 /* RMCharactersViewController.swift in Sources */ = {isa = PBXBuildFile; fileRef = 358D0EE02A5FF00E00EE4749 /* RMCharactersViewController.swift */; };
		358D0EE32A5FF02100EE4749 /* RMLocationsViewController.swift in Sources */ = {isa = PBXBuildFile; fileRef = 358D0EE22A5FF02100EE4749 /* RMLocationsViewController.swift */; };
		358D0EE52A5FF03500EE4749 /* RMEpisodesViewController.swift in Sources */ = {isa = PBXBuildFile; fileRef = 358D0EE42A5FF03500EE4749 /* RMEpisodesViewController.swift */; };
		358D0EE72A5FF04400EE4749 /* RMSettingsViewController.swift in Sources */ = {isa = PBXBuildFile; fileRef = 358D0EE62A5FF04400EE4749 /* RMSettingsViewController.swift */; };
		358D0EE92A5FFE2000EE4749 /* RMService.swift in Sources */ = {isa = PBXBuildFile; fileRef = 358D0EE82A5FFE2000EE4749 /* RMService.swift */; };
		358D0EEB2A5FFE3300EE4749 /* RMRequest.swift in Sources */ = {isa = PBXBuildFile; fileRef = 358D0EEA2A5FFE3300EE4749 /* RMRequest.swift */; };
		358D0EED2A6000EC00EE4749 /* RMEndpoint.swift in Sources */ = {isa = PBXBuildFile; fileRef = 358D0EEC2A6000EC00EE4749 /* RMEndpoint.swift */; };
		358D0EEF2A60070900EE4749 /* RMOrigin.swift in Sources */ = {isa = PBXBuildFile; fileRef = 358D0EEE2A60070900EE4749 /* RMOrigin.swift */; };
		358D0EF12A60078500EE4749 /* RMSingleLocation.swift in Sources */ = {isa = PBXBuildFile; fileRef = 358D0EF02A60078500EE4749 /* RMSingleLocation.swift */; };
		358D0EF52A60097D00EE4749 /* RMCharacterStatus.swift in Sources */ = {isa = PBXBuildFile; fileRef = 358D0EF42A60097D00EE4749 /* RMCharacterStatus.swift */; };
		358D0EF72A6009AD00EE4749 /* RMCharacterGender.swift in Sources */ = {isa = PBXBuildFile; fileRef = 358D0EF62A6009AD00EE4749 /* RMCharacterGender.swift */; };
		358D0F1D2A61F5F600EE4749 /* RMGetAllCharactersResponse.swift in Sources */ = {isa = PBXBuildFile; fileRef = 358D0F1C2A61F5F600EE4749 /* RMGetAllCharactersResponse.swift */; };
		358D0F1F2A61F96400EE4749 /* RMCharacterListViewVM.swift in Sources */ = {isa = PBXBuildFile; fileRef = 358D0F1E2A61F96300EE4749 /* RMCharacterListViewVM.swift */; };
		358D0F212A61F9F700EE4749 /* RMCharacterListView.swift in Sources */ = {isa = PBXBuildFile; fileRef = 358D0F202A61F9F700EE4749 /* RMCharacterListView.swift */; };
		35B118AE2A6682D400936469 /* Extensions.swift in Sources */ = {isa = PBXBuildFile; fileRef = 35B118AD2A6682D400936469 /* Extensions.swift */; };
		35B118B02A68474A00936469 /* RMCharacterCollectionViewCell.swift in Sources */ = {isa = PBXBuildFile; fileRef = 35B118AF2A68474A00936469 /* RMCharacterCollectionViewCell.swift */; };
		35B118B22A68492700936469 /* RMCharacterCollectionViewCellVM.swift in Sources */ = {isa = PBXBuildFile; fileRef = 35B118B12A68492700936469 /* RMCharacterCollectionViewCellVM.swift */; };
		35B118B52A69957C00936469 /* RMCharacterDetailViewController.swift in Sources */ = {isa = PBXBuildFile; fileRef = 35B118B42A69957C00936469 /* RMCharacterDetailViewController.swift */; };
		35B118B72A69987800936469 /* RMCharacterDetailView.swift in Sources */ = {isa = PBXBuildFile; fileRef = 35B118B62A69987800936469 /* RMCharacterDetailView.swift */; };
		35B118B92A69991500936469 /* RMCharacterDetailViewVM.swift in Sources */ = {isa = PBXBuildFile; fileRef = 35B118B82A69991500936469 /* RMCharacterDetailViewVM.swift */; };
		35B118BB2A6B08C200936469 /* RMFooterLoadingCollectionReusableView.swift in Sources */ = {isa = PBXBuildFile; fileRef = 35B118BA2A6B08C200936469 /* RMFooterLoadingCollectionReusableView.swift */; };
		35B118BD2A6B98A100936469 /* RMImageLoader.swift in Sources */ = {isa = PBXBuildFile; fileRef = 35B118BC2A6B98A100936469 /* RMImageLoader.swift */; };
		35B118C12A6C7B4900936469 /* RMCharacterPhotoCollectionViewCell.swift in Sources */ = {isa = PBXBuildFile; fileRef = 35B118C02A6C7B4900936469 /* RMCharacterPhotoCollectionViewCell.swift */; };
		35B118C32A6C7B6000936469 /* RMCharacterInfoCollectionViewCell.swift in Sources */ = {isa = PBXBuildFile; fileRef = 35B118C22A6C7B6000936469 /* RMCharacterInfoCollectionViewCell.swift */; };
		35B118C52A6C7B7D00936469 /* RMCharacterEpisodeCollectionViewCell.swift in Sources */ = {isa = PBXBuildFile; fileRef = 35B118C42A6C7B7D00936469 /* RMCharacterEpisodeCollectionViewCell.swift */; };
		35B118C82A6C7C6800936469 /* RMCharacterPhotoCollectionViewCellVM.swift in Sources */ = {isa = PBXBuildFile; fileRef = 35B118C72A6C7C6800936469 /* RMCharacterPhotoCollectionViewCellVM.swift */; };
		35B118CA2A6C7C7900936469 /* RMCharacterInfoCollectionViewCellVM.swift in Sources */ = {isa = PBXBuildFile; fileRef = 35B118C92A6C7C7900936469 /* RMCharacterInfoCollectionViewCellVM.swift */; };
		35B118CC2A6C7C8400936469 /* RMCharacterEpisodeCollectionViewCellVM.swift in Sources */ = {isa = PBXBuildFile; fileRef = 35B118CB2A6C7C8400936469 /* RMCharacterEpisodeCollectionViewCellVM.swift */; };
		35B118CF2A6EB00600936469 /* RMEpisodeDetailViewController.swift in Sources */ = {isa = PBXBuildFile; fileRef = 35B118CE2A6EB00600936469 /* RMEpisodeDetailViewController.swift */; };
		35B118D12A6F002600936469 /* RMAPICacheManager.swift in Sources */ = {isa = PBXBuildFile; fileRef = 35B118D02A6F002600936469 /* RMAPICacheManager.swift */; };
		35B118D32A6FC96E00936469 /* RMEpisodeDetailViewVM.swift in Sources */ = {isa = PBXBuildFile; fileRef = 35B118D22A6FC96E00936469 /* RMEpisodeDetailViewVM.swift */; };
		35B118D52A6FCAB600936469 /* RMEpisodeDetailView.swift in Sources */ = {isa = PBXBuildFile; fileRef = 35B118D42A6FCAB600936469 /* RMEpisodeDetailView.swift */; };
		35B118D82A6FCE3E00936469 /* RMEpisodeListView.swift in Sources */ = {isa = PBXBuildFile; fileRef = 35B118D72A6FCE3E00936469 /* RMEpisodeListView.swift */; };
		35B118DB2A70216100936469 /* RMEpisodeListViewVM.swift in Sources */ = {isa = PBXBuildFile; fileRef = 35B118DA2A70216100936469 /* RMEpisodeListViewVM.swift */; };
		35B118DD2A702A9300936469 /* RMGetAllEpisodesResponse.swift in Sources */ = {isa = PBXBuildFile; fileRef = 35B118DC2A702A9300936469 /* RMGetAllEpisodesResponse.swift */; };
		35B118DF2A71582C00936469 /* RMSearchViewController.swift in Sources */ = {isa = PBXBuildFile; fileRef = 35B118DE2A71582C00936469 /* RMSearchViewController.swift */; };
		35B118E22A7274BA00936469 /* RMEpisodeInfoCollectionViewCell.swift in Sources */ = {isa = PBXBuildFile; fileRef = 35B118E12A7274BA00936469 /* RMEpisodeInfoCollectionViewCell.swift */; };
		35B118E52A72751600936469 /* RMEpisodeInfoCollectionViewCellVM.swift in Sources */ = {isa = PBXBuildFile; fileRef = 35B118E42A72751600936469 /* RMEpisodeInfoCollectionViewCellVM.swift */; };
		35B118E82A73BFBC00936469 /* RMSettingsViewVM.swift in Sources */ = {isa = PBXBuildFile; fileRef = 35B118E72A73BFBC00936469 /* RMSettingsViewVM.swift */; };
		35B118EA2A73C01500936469 /* RMSettingsCellVM.swift in Sources */ = {isa = PBXBuildFile; fileRef = 35B118E92A73C01500936469 /* RMSettingsCellVM.swift */; };
		35B118EC2A73CA5100936469 /* RMSettingsOption.swift in Sources */ = {isa = PBXBuildFile; fileRef = 35B118EB2A73CA5100936469 /* RMSettingsOption.swift */; };
		35B118EF2A741A3900936469 /* RMSettingsView.swift in Sources */ = {isa = PBXBuildFile; fileRef = 35B118EE2A741A3900936469 /* RMSettingsView.swift */; };
		35F9848F2A753CE8002674F7 /* RMLocationView.swift in Sources */ = {isa = PBXBuildFile; fileRef = 35F9848E2A753CE8002674F7 /* RMLocationView.swift */; };
		35F984922A757616002674F7 /* RMLocationViewVM.swift in Sources */ = {isa = PBXBuildFile; fileRef = 35F984912A757616002674F7 /* RMLocationViewVM.swift */; };
		35F984942A76CB55002674F7 /* RMGetAllLocationsResponse.swift in Sources */ = {isa = PBXBuildFile; fileRef = 35F984932A76CB55002674F7 /* RMGetAllLocationsResponse.swift */; };
		35F984962A76D350002674F7 /* RMLocationTableViewCell.swift in Sources */ = {isa = PBXBuildFile; fileRef = 35F984952A76D350002674F7 /* RMLocationTableViewCell.swift */; };
		35F984982A76D7B3002674F7 /* RMLocationTableViewCellVM.swift in Sources */ = {isa = PBXBuildFile; fileRef = 35F984972A76D7B3002674F7 /* RMLocationTableViewCellVM.swift */; };
		35F9849A2A7840BE002674F7 /* RMLocationDetailViewController.swift in Sources */ = {isa = PBXBuildFile; fileRef = 35F984992A7840BE002674F7 /* RMLocationDetailViewController.swift */; };
		35F9849D2A784486002674F7 /* RMLocationDetailView.swift in Sources */ = {isa = PBXBuildFile; fileRef = 35F9849C2A784486002674F7 /* RMLocationDetailView.swift */; };
		35F9849F2A7845AE002674F7 /* RMLocationDetailViewVM.swift in Sources */ = {isa = PBXBuildFile; fileRef = 35F9849E2A7845AE002674F7 /* RMLocationDetailViewVM.swift */; };
/* End PBXBuildFile section */

/* Begin PBXFileReference section */
		3507C5E12A7AA5D2008E9857 /* RMSearchView.swift */ = {isa = PBXFileReference; lastKnownFileType = sourcecode.swift; path = RMSearchView.swift; sourceTree = "<group>"; };
		3507C5E42A7AA69A008E9857 /* RMSearchViewVM.swift */ = {isa = PBXFileReference; lastKnownFileType = sourcecode.swift; path = RMSearchViewVM.swift; sourceTree = "<group>"; };
		3507C5E62A7AB1B7008E9857 /* RMNoSearchResultsView.swift */ = {isa = PBXFileReference; lastKnownFileType = sourcecode.swift; path = RMNoSearchResultsView.swift; sourceTree = "<group>"; };
		3507C5E82A7AB1D3008E9857 /* RMNoSearchResultsViewVM.swift */ = {isa = PBXFileReference; lastKnownFileType = sourcecode.swift; path = RMNoSearchResultsViewVM.swift; sourceTree = "<group>"; };
		3507C5EA2A7AB21E008E9857 /* RMSearchInputView.swift */ = {isa = PBXFileReference; lastKnownFileType = sourcecode.swift; path = RMSearchInputView.swift; sourceTree = "<group>"; };
		3507C5EC2A7AB23B008E9857 /* RMSearchInputViewVM.swift */ = {isa = PBXFileReference; lastKnownFileType = sourcecode.swift; path = RMSearchInputViewVM.swift; sourceTree = "<group>"; };
		3507C5EE2A7BF97D008E9857 /* RMSearchOptionPickerViewController.swift */ = {isa = PBXFileReference; lastKnownFileType = sourcecode.swift; path = RMSearchOptionPickerViewController.swift; sourceTree = "<group>"; };
		358262CA2A8030140085AFF5 /* RMSearchResultVM.swift */ = {isa = PBXFileReference; lastKnownFileType = sourcecode.swift; path = RMSearchResultVM.swift; sourceTree = "<group>"; };
		358262CC2A80E3B70085AFF5 /* RMSearchResultsView.swift */ = {isa = PBXFileReference; lastKnownFileType = sourcecode.swift; path = RMSearchResultsView.swift; sourceTree = "<group>"; };
		358D0EB92A5FECEB00EE4749 /* RIckAndMorty.app */ = {isa = PBXFileReference; explicitFileType = wrapper.application; includeInIndex = 0; path = RIckAndMorty.app; sourceTree = BUILT_PRODUCTS_DIR; };
		358D0EBC2A5FECEB00EE4749 /* AppDelegate.swift */ = {isa = PBXFileReference; lastKnownFileType = sourcecode.swift; path = AppDelegate.swift; sourceTree = "<group>"; };
		358D0EBE2A5FECEB00EE4749 /* SceneDelegate.swift */ = {isa = PBXFileReference; lastKnownFileType = sourcecode.swift; path = SceneDelegate.swift; sourceTree = "<group>"; };
		358D0EC02A5FECEB00EE4749 /* RMTabBarController.swift */ = {isa = PBXFileReference; lastKnownFileType = sourcecode.swift; path = RMTabBarController.swift; sourceTree = "<group>"; };
		358D0EC52A5FECF200EE4749 /* Assets.xcassets */ = {isa = PBXFileReference; lastKnownFileType = folder.assetcatalog; path = Assets.xcassets; sourceTree = "<group>"; };
		358D0EC82A5FECF200EE4749 /* Base */ = {isa = PBXFileReference; lastKnownFileType = file.storyboard; name = Base; path = Base.lproj/LaunchScreen.storyboard; sourceTree = "<group>"; };
		358D0ECA2A5FECF200EE4749 /* Info.plist */ = {isa = PBXFileReference; lastKnownFileType = text.plist.xml; path = Info.plist; sourceTree = "<group>"; };
		358D0ED92A5FEF4E00EE4749 /* RMLocation.swift */ = {isa = PBXFileReference; lastKnownFileType = sourcecode.swift; path = RMLocation.swift; sourceTree = "<group>"; };
		358D0EDB2A5FEF6800EE4749 /* RMCharacter.swift */ = {isa = PBXFileReference; lastKnownFileType = sourcecode.swift; path = RMCharacter.swift; sourceTree = "<group>"; };
		358D0EDD2A5FEF7700EE4749 /* RMEpisode.swift */ = {isa = PBXFileReference; lastKnownFileType = sourcecode.swift; path = RMEpisode.swift; sourceTree = "<group>"; };
		358D0EE02A5FF00E00EE4749 /* RMCharactersViewController.swift */ = {isa = PBXFileReference; lastKnownFileType = sourcecode.swift; path = RMCharactersViewController.swift; sourceTree = "<group>"; };
		358D0EE22A5FF02100EE4749 /* RMLocationsViewController.swift */ = {isa = PBXFileReference; lastKnownFileType = sourcecode.swift; path = RMLocationsViewController.swift; sourceTree = "<group>"; };
		358D0EE42A5FF03500EE4749 /* RMEpisodesViewController.swift */ = {isa = PBXFileReference; lastKnownFileType = sourcecode.swift; path = RMEpisodesViewController.swift; sourceTree = "<group>"; };
		358D0EE62A5FF04400EE4749 /* RMSettingsViewController.swift */ = {isa = PBXFileReference; lastKnownFileType = sourcecode.swift; path = RMSettingsViewController.swift; sourceTree = "<group>"; };
		358D0EE82A5FFE2000EE4749 /* RMService.swift */ = {isa = PBXFileReference; lastKnownFileType = sourcecode.swift; path = RMService.swift; sourceTree = "<group>"; };
		358D0EEA2A5FFE3300EE4749 /* RMRequest.swift */ = {isa = PBXFileReference; lastKnownFileType = sourcecode.swift; path = RMRequest.swift; sourceTree = "<group>"; };
		358D0EEC2A6000EC00EE4749 /* RMEndpoint.swift */ = {isa = PBXFileReference; lastKnownFileType = sourcecode.swift; path = RMEndpoint.swift; sourceTree = "<group>"; };
		358D0EEE2A60070900EE4749 /* RMOrigin.swift */ = {isa = PBXFileReference; lastKnownFileType = sourcecode.swift; path = RMOrigin.swift; sourceTree = "<group>"; };
		358D0EF02A60078500EE4749 /* RMSingleLocation.swift */ = {isa = PBXFileReference; lastKnownFileType = sourcecode.swift; path = RMSingleLocation.swift; sourceTree = "<group>"; };
		358D0EF42A60097D00EE4749 /* RMCharacterStatus.swift */ = {isa = PBXFileReference; lastKnownFileType = sourcecode.swift; path = RMCharacterStatus.swift; sourceTree = "<group>"; };
		358D0EF62A6009AD00EE4749 /* RMCharacterGender.swift */ = {isa = PBXFileReference; lastKnownFileType = sourcecode.swift; path = RMCharacterGender.swift; sourceTree = "<group>"; };
		358D0F1C2A61F5F600EE4749 /* RMGetAllCharactersResponse.swift */ = {isa = PBXFileReference; lastKnownFileType = sourcecode.swift; path = RMGetAllCharactersResponse.swift; sourceTree = "<group>"; };
		358D0F1E2A61F96300EE4749 /* RMCharacterListViewVM.swift */ = {isa = PBXFileReference; lastKnownFileType = sourcecode.swift; path = RMCharacterListViewVM.swift; sourceTree = "<group>"; };
		358D0F202A61F9F700EE4749 /* RMCharacterListView.swift */ = {isa = PBXFileReference; lastKnownFileType = sourcecode.swift; path = RMCharacterListView.swift; sourceTree = "<group>"; };
		35B118AD2A6682D400936469 /* Extensions.swift */ = {isa = PBXFileReference; lastKnownFileType = sourcecode.swift; path = Extensions.swift; sourceTree = "<group>"; };
		35B118AF2A68474A00936469 /* RMCharacterCollectionViewCell.swift */ = {isa = PBXFileReference; lastKnownFileType = sourcecode.swift; path = RMCharacterCollectionViewCell.swift; sourceTree = "<group>"; };
		35B118B12A68492700936469 /* RMCharacterCollectionViewCellVM.swift */ = {isa = PBXFileReference; lastKnownFileType = sourcecode.swift; path = RMCharacterCollectionViewCellVM.swift; sourceTree = "<group>"; };
		35B118B42A69957C00936469 /* RMCharacterDetailViewController.swift */ = {isa = PBXFileReference; lastKnownFileType = sourcecode.swift; path = RMCharacterDetailViewController.swift; sourceTree = "<group>"; };
		35B118B62A69987800936469 /* RMCharacterDetailView.swift */ = {isa = PBXFileReference; lastKnownFileType = sourcecode.swift; path = RMCharacterDetailView.swift; sourceTree = "<group>"; };
		35B118B82A69991500936469 /* RMCharacterDetailViewVM.swift */ = {isa = PBXFileReference; lastKnownFileType = sourcecode.swift; path = RMCharacterDetailViewVM.swift; sourceTree = "<group>"; };
		35B118BA2A6B08C200936469 /* RMFooterLoadingCollectionReusableView.swift */ = {isa = PBXFileReference; lastKnownFileType = sourcecode.swift; path = RMFooterLoadingCollectionReusableView.swift; sourceTree = "<group>"; };
		35B118BC2A6B98A100936469 /* RMImageLoader.swift */ = {isa = PBXFileReference; lastKnownFileType = sourcecode.swift; path = RMImageLoader.swift; sourceTree = "<group>"; };
		35B118C02A6C7B4900936469 /* RMCharacterPhotoCollectionViewCell.swift */ = {isa = PBXFileReference; lastKnownFileType = sourcecode.swift; path = RMCharacterPhotoCollectionViewCell.swift; sourceTree = "<group>"; };
		35B118C22A6C7B6000936469 /* RMCharacterInfoCollectionViewCell.swift */ = {isa = PBXFileReference; lastKnownFileType = sourcecode.swift; path = RMCharacterInfoCollectionViewCell.swift; sourceTree = "<group>"; };
		35B118C42A6C7B7D00936469 /* RMCharacterEpisodeCollectionViewCell.swift */ = {isa = PBXFileReference; lastKnownFileType = sourcecode.swift; path = RMCharacterEpisodeCollectionViewCell.swift; sourceTree = "<group>"; };
		35B118C72A6C7C6800936469 /* RMCharacterPhotoCollectionViewCellVM.swift */ = {isa = PBXFileReference; lastKnownFileType = sourcecode.swift; path = RMCharacterPhotoCollectionViewCellVM.swift; sourceTree = "<group>"; };
		35B118C92A6C7C7900936469 /* RMCharacterInfoCollectionViewCellVM.swift */ = {isa = PBXFileReference; lastKnownFileType = sourcecode.swift; path = RMCharacterInfoCollectionViewCellVM.swift; sourceTree = "<group>"; };
		35B118CB2A6C7C8400936469 /* RMCharacterEpisodeCollectionViewCellVM.swift */ = {isa = PBXFileReference; lastKnownFileType = sourcecode.swift; path = RMCharacterEpisodeCollectionViewCellVM.swift; sourceTree = "<group>"; };
		35B118CE2A6EB00600936469 /* RMEpisodeDetailViewController.swift */ = {isa = PBXFileReference; lastKnownFileType = sourcecode.swift; path = RMEpisodeDetailViewController.swift; sourceTree = "<group>"; };
		35B118D02A6F002600936469 /* RMAPICacheManager.swift */ = {isa = PBXFileReference; lastKnownFileType = sourcecode.swift; path = RMAPICacheManager.swift; sourceTree = "<group>"; };
		35B118D22A6FC96E00936469 /* RMEpisodeDetailViewVM.swift */ = {isa = PBXFileReference; lastKnownFileType = sourcecode.swift; path = RMEpisodeDetailViewVM.swift; sourceTree = "<group>"; };
		35B118D42A6FCAB600936469 /* RMEpisodeDetailView.swift */ = {isa = PBXFileReference; lastKnownFileType = sourcecode.swift; path = RMEpisodeDetailView.swift; sourceTree = "<group>"; };
		35B118D72A6FCE3E00936469 /* RMEpisodeListView.swift */ = {isa = PBXFileReference; lastKnownFileType = sourcecode.swift; path = RMEpisodeListView.swift; sourceTree = "<group>"; };
		35B118DA2A70216100936469 /* RMEpisodeListViewVM.swift */ = {isa = PBXFileReference; lastKnownFileType = sourcecode.swift; path = RMEpisodeListViewVM.swift; sourceTree = "<group>"; };
		35B118DC2A702A9300936469 /* RMGetAllEpisodesResponse.swift */ = {isa = PBXFileReference; lastKnownFileType = sourcecode.swift; path = RMGetAllEpisodesResponse.swift; sourceTree = "<group>"; };
		35B118DE2A71582C00936469 /* RMSearchViewController.swift */ = {isa = PBXFileReference; lastKnownFileType = sourcecode.swift; path = RMSearchViewController.swift; sourceTree = "<group>"; };
		35B118E12A7274BA00936469 /* RMEpisodeInfoCollectionViewCell.swift */ = {isa = PBXFileReference; lastKnownFileType = sourcecode.swift; path = RMEpisodeInfoCollectionViewCell.swift; sourceTree = "<group>"; };
		35B118E42A72751600936469 /* RMEpisodeInfoCollectionViewCellVM.swift */ = {isa = PBXFileReference; lastKnownFileType = sourcecode.swift; path = RMEpisodeInfoCollectionViewCellVM.swift; sourceTree = "<group>"; };
		35B118E72A73BFBC00936469 /* RMSettingsViewVM.swift */ = {isa = PBXFileReference; lastKnownFileType = sourcecode.swift; path = RMSettingsViewVM.swift; sourceTree = "<group>"; };
		35B118E92A73C01500936469 /* RMSettingsCellVM.swift */ = {isa = PBXFileReference; lastKnownFileType = sourcecode.swift; path = RMSettingsCellVM.swift; sourceTree = "<group>"; };
		35B118EB2A73CA5100936469 /* RMSettingsOption.swift */ = {isa = PBXFileReference; lastKnownFileType = sourcecode.swift; path = RMSettingsOption.swift; sourceTree = "<group>"; };
		35B118EE2A741A3900936469 /* RMSettingsView.swift */ = {isa = PBXFileReference; lastKnownFileType = sourcecode.swift; path = RMSettingsView.swift; sourceTree = "<group>"; };
		35F9848E2A753CE8002674F7 /* RMLocationView.swift */ = {isa = PBXFileReference; lastKnownFileType = sourcecode.swift; path = RMLocationView.swift; sourceTree = "<group>"; };
		35F984912A757616002674F7 /* RMLocationViewVM.swift */ = {isa = PBXFileReference; lastKnownFileType = sourcecode.swift; path = RMLocationViewVM.swift; sourceTree = "<group>"; };
		35F984932A76CB55002674F7 /* RMGetAllLocationsResponse.swift */ = {isa = PBXFileReference; lastKnownFileType = sourcecode.swift; path = RMGetAllLocationsResponse.swift; sourceTree = "<group>"; };
		35F984952A76D350002674F7 /* RMLocationTableViewCell.swift */ = {isa = PBXFileReference; lastKnownFileType = sourcecode.swift; path = RMLocationTableViewCell.swift; sourceTree = "<group>"; };
		35F984972A76D7B3002674F7 /* RMLocationTableViewCellVM.swift */ = {isa = PBXFileReference; lastKnownFileType = sourcecode.swift; path = RMLocationTableViewCellVM.swift; sourceTree = "<group>"; };
		35F984992A7840BE002674F7 /* RMLocationDetailViewController.swift */ = {isa = PBXFileReference; lastKnownFileType = sourcecode.swift; path = RMLocationDetailViewController.swift; sourceTree = "<group>"; };
		35F9849C2A784486002674F7 /* RMLocationDetailView.swift */ = {isa = PBXFileReference; lastKnownFileType = sourcecode.swift; path = RMLocationDetailView.swift; sourceTree = "<group>"; };
		35F9849E2A7845AE002674F7 /* RMLocationDetailViewVM.swift */ = {isa = PBXFileReference; lastKnownFileType = sourcecode.swift; path = RMLocationDetailViewVM.swift; sourceTree = "<group>"; };
/* End PBXFileReference section */

/* Begin PBXFrameworksBuildPhase section */
		358D0EB62A5FECEB00EE4749 /* Frameworks */ = {
			isa = PBXFrameworksBuildPhase;
			buildActionMask = 2147483647;
			files = (
			);
			runOnlyForDeploymentPostprocessing = 0;
		};
/* End PBXFrameworksBuildPhase section */

/* Begin PBXGroup section */
		3507C5E02A7AA5BA008E9857 /* Search */ = {
			isa = PBXGroup;
			children = (
				3507C5E12A7AA5D2008E9857 /* RMSearchView.swift */,
				3507C5E62A7AB1B7008E9857 /* RMNoSearchResultsView.swift */,
				3507C5EA2A7AB21E008E9857 /* RMSearchInputView.swift */,
				358262CC2A80E3B70085AFF5 /* RMSearchResultsView.swift */,
			);
			path = Search;
			sourceTree = "<group>";
		};
		3507C5E32A7AA686008E9857 /* Search */ = {
			isa = PBXGroup;
			children = (
				3507C5E42A7AA69A008E9857 /* RMSearchViewVM.swift */,
				3507C5E82A7AB1D3008E9857 /* RMNoSearchResultsViewVM.swift */,
				3507C5EC2A7AB23B008E9857 /* RMSearchInputViewVM.swift */,
				358262CA2A8030140085AFF5 /* RMSearchResultVM.swift */,
			);
			path = Search;
			sourceTree = "<group>";
		};
		3507C5F02A7BFABF008E9857 /* Search */ = {
			isa = PBXGroup;
			children = (
				35B118DE2A71582C00936469 /* RMSearchViewController.swift */,
				3507C5EE2A7BF97D008E9857 /* RMSearchOptionPickerViewController.swift */,
			);
			path = Search;
			sourceTree = "<group>";
		};
		358D0EB02A5FECEB00EE4749 = {
			isa = PBXGroup;
			children = (
				358D0EBB2A5FECEB00EE4749 /* RIckAndMorty */,
				358D0EBA2A5FECEB00EE4749 /* Products */,
			);
			sourceTree = "<group>";
		};
		358D0EBA2A5FECEB00EE4749 /* Products */ = {
			isa = PBXGroup;
			children = (
				358D0EB92A5FECEB00EE4749 /* RIckAndMorty.app */,
			);
			name = Products;
			sourceTree = "<group>";
		};
		358D0EBB2A5FECEB00EE4749 /* RIckAndMorty */ = {
			isa = PBXGroup;
			children = (
				358D0ED12A5FED7000EE4749 /* Application */,
				358D0ED02A5FED6100EE4749 /* SupportingFiles */,
				358D0ED82A5FEE9800EE4749 /* Resources */,
				358D0ED72A5FEE8100EE4749 /* APIClient */,
				358D0ED62A5FEE7800EE4749 /* Managers */,
				358D0ED52A5FEE6D00EE4749 /* ViewModels */,
				358D0ED42A5FEE6600EE4749 /* Views */,
				358D0ED32A5FEE6000EE4749 /* Models */,
				358D0ED22A5FEE5400EE4749 /* Controllers */,
			);
			path = RIckAndMorty;
			sourceTree = "<group>";
		};
		358D0ED02A5FED6100EE4749 /* SupportingFiles */ = {
			isa = PBXGroup;
			children = (
				358D0EC52A5FECF200EE4749 /* Assets.xcassets */,
				358D0EC72A5FECF200EE4749 /* LaunchScreen.storyboard */,
				358D0ECA2A5FECF200EE4749 /* Info.plist */,
			);
			path = SupportingFiles;
			sourceTree = "<group>";
		};
		358D0ED12A5FED7000EE4749 /* Application */ = {
			isa = PBXGroup;
			children = (
				358D0EBC2A5FECEB00EE4749 /* AppDelegate.swift */,
				358D0EBE2A5FECEB00EE4749 /* SceneDelegate.swift */,
			);
			path = Application;
			sourceTree = "<group>";
		};
		358D0ED22A5FEE5400EE4749 /* Controllers */ = {
			isa = PBXGroup;
			children = (
				35B118B32A69953B00936469 /* Other */,
				358D0EDF2A5FEFDE00EE4749 /* Core */,
			);
			path = Controllers;
			sourceTree = "<group>";
		};
		358D0ED32A5FEE6000EE4749 /* Models */ = {
			isa = PBXGroup;
			children = (
				358D0F1B2A61F5C500EE4749 /* ResponseTypes */,
				358D0F1A2A61F5B300EE4749 /* DataTypes */,
			);
			path = Models;
			sourceTree = "<group>";
		};
		358D0ED42A5FEE6600EE4749 /* Views */ = {
			isa = PBXGroup;
			children = (
				3507C5E02A7AA5BA008E9857 /* Search */,
				35F9849B2A78445B002674F7 /* LocationDetails */,
				35F9848D2A753CC8002674F7 /* Location */,
				35B118ED2A741A1900936469 /* SwiftUI */,
				35B118E02A72743A00936469 /* EpisodeDetails */,
				35B118D62A6FCE2300936469 /* Episode */,
				35B118BE2A6C7AD700936469 /* CharacterDetail */,
				35B118BF2A6C7B0500936469 /* Character */,
			);
			path = Views;
			sourceTree = "<group>";
		};
		358D0ED52A5FEE6D00EE4749 /* ViewModels */ = {
			isa = PBXGroup;
			children = (
				3507C5E32A7AA686008E9857 /* Search */,
				35F984902A757608002674F7 /* Location */,
				35B118E62A73BFA300936469 /* Settings */,
				35B118E32A7274DF00936469 /* EpisodeDetail */,
				35B118D92A70214A00936469 /* Episode */,
				35B118C62A6C7C4400936469 /* CharacterDetail */,
				35B118CD2A6C7D2900936469 /* Character */,
			);
			path = ViewModels;
			sourceTree = "<group>";
		};
		358D0ED62A5FEE7800EE4749 /* Managers */ = {
			isa = PBXGroup;
			children = (
				35B118BC2A6B98A100936469 /* RMImageLoader.swift */,
				35B118D02A6F002600936469 /* RMAPICacheManager.swift */,
			);
			path = Managers;
			sourceTree = "<group>";
		};
		358D0ED72A5FEE8100EE4749 /* APIClient */ = {
			isa = PBXGroup;
			children = (
				358D0EE82A5FFE2000EE4749 /* RMService.swift */,
				358D0EEA2A5FFE3300EE4749 /* RMRequest.swift */,
				358D0EEC2A6000EC00EE4749 /* RMEndpoint.swift */,
			);
			path = APIClient;
			sourceTree = "<group>";
		};
		358D0ED82A5FEE9800EE4749 /* Resources */ = {
			isa = PBXGroup;
			children = (
				35B118AD2A6682D400936469 /* Extensions.swift */,
			);
			path = Resources;
			sourceTree = "<group>";
		};
		358D0EDF2A5FEFDE00EE4749 /* Core */ = {
			isa = PBXGroup;
			children = (
				358D0EC02A5FECEB00EE4749 /* RMTabBarController.swift */,
				358D0EE02A5FF00E00EE4749 /* RMCharactersViewController.swift */,
				358D0EE22A5FF02100EE4749 /* RMLocationsViewController.swift */,
				358D0EE42A5FF03500EE4749 /* RMEpisodesViewController.swift */,
				358D0EE62A5FF04400EE4749 /* RMSettingsViewController.swift */,
			);
			path = Core;
			sourceTree = "<group>";
		};
		358D0F1A2A61F5B300EE4749 /* DataTypes */ = {
			isa = PBXGroup;
			children = (
				358D0EDB2A5FEF6800EE4749 /* RMCharacter.swift */,
				358D0EF42A60097D00EE4749 /* RMCharacterStatus.swift */,
				358D0EF62A6009AD00EE4749 /* RMCharacterGender.swift */,
				358D0EEE2A60070900EE4749 /* RMOrigin.swift */,
				358D0EF02A60078500EE4749 /* RMSingleLocation.swift */,
				358D0ED92A5FEF4E00EE4749 /* RMLocation.swift */,
				358D0EDD2A5FEF7700EE4749 /* RMEpisode.swift */,
			);
			path = DataTypes;
			sourceTree = "<group>";
		};
		358D0F1B2A61F5C500EE4749 /* ResponseTypes */ = {
			isa = PBXGroup;
			children = (
				358D0F1C2A61F5F600EE4749 /* RMGetAllCharactersResponse.swift */,
				35B118DC2A702A9300936469 /* RMGetAllEpisodesResponse.swift */,
				35F984932A76CB55002674F7 /* RMGetAllLocationsResponse.swift */,
			);
			path = ResponseTypes;
			sourceTree = "<group>";
		};
		35B118B32A69953B00936469 /* Other */ = {
			isa = PBXGroup;
			children = (
				3507C5F02A7BFABF008E9857 /* Search */,
				35B118B42A69957C00936469 /* RMCharacterDetailViewController.swift */,
				35B118CE2A6EB00600936469 /* RMEpisodeDetailViewController.swift */,
				35F984992A7840BE002674F7 /* RMLocationDetailViewController.swift */,
			);
			path = Other;
			sourceTree = "<group>";
		};
		35B118BE2A6C7AD700936469 /* CharacterDetail */ = {
			isa = PBXGroup;
			children = (
				35B118B62A69987800936469 /* RMCharacterDetailView.swift */,
				35B118C02A6C7B4900936469 /* RMCharacterPhotoCollectionViewCell.swift */,
				35B118C22A6C7B6000936469 /* RMCharacterInfoCollectionViewCell.swift */,
				35B118C42A6C7B7D00936469 /* RMCharacterEpisodeCollectionViewCell.swift */,
			);
			path = CharacterDetail;
			sourceTree = "<group>";
		};
		35B118BF2A6C7B0500936469 /* Character */ = {
			isa = PBXGroup;
			children = (
				358D0F202A61F9F700EE4749 /* RMCharacterListView.swift */,
				35B118AF2A68474A00936469 /* RMCharacterCollectionViewCell.swift */,
				35B118BA2A6B08C200936469 /* RMFooterLoadingCollectionReusableView.swift */,
			);
			path = Character;
			sourceTree = "<group>";
		};
		35B118C62A6C7C4400936469 /* CharacterDetail */ = {
			isa = PBXGroup;
			children = (
				35B118B82A69991500936469 /* RMCharacterDetailViewVM.swift */,
				35B118C72A6C7C6800936469 /* RMCharacterPhotoCollectionViewCellVM.swift */,
				35B118C92A6C7C7900936469 /* RMCharacterInfoCollectionViewCellVM.swift */,
				35B118CB2A6C7C8400936469 /* RMCharacterEpisodeCollectionViewCellVM.swift */,
			);
			path = CharacterDetail;
			sourceTree = "<group>";
		};
		35B118CD2A6C7D2900936469 /* Character */ = {
			isa = PBXGroup;
			children = (
				358D0F1E2A61F96300EE4749 /* RMCharacterListViewVM.swift */,
				35B118B12A68492700936469 /* RMCharacterCollectionViewCellVM.swift */,
			);
			path = Character;
			sourceTree = "<group>";
		};
		35B118D62A6FCE2300936469 /* Episode */ = {
			isa = PBXGroup;
			children = (
				35B118D72A6FCE3E00936469 /* RMEpisodeListView.swift */,
			);
			path = Episode;
			sourceTree = "<group>";
		};
		35B118D92A70214A00936469 /* Episode */ = {
			isa = PBXGroup;
			children = (
				35B118DA2A70216100936469 /* RMEpisodeListViewVM.swift */,
			);
			path = Episode;
			sourceTree = "<group>";
		};
		35B118E02A72743A00936469 /* EpisodeDetails */ = {
			isa = PBXGroup;
			children = (
				35B118D42A6FCAB600936469 /* RMEpisodeDetailView.swift */,
				35B118E12A7274BA00936469 /* RMEpisodeInfoCollectionViewCell.swift */,
			);
			path = EpisodeDetails;
			sourceTree = "<group>";
		};
		35B118E32A7274DF00936469 /* EpisodeDetail */ = {
			isa = PBXGroup;
			children = (
				35B118D22A6FC96E00936469 /* RMEpisodeDetailViewVM.swift */,
				35B118E42A72751600936469 /* RMEpisodeInfoCollectionViewCellVM.swift */,
			);
			path = EpisodeDetail;
			sourceTree = "<group>";
		};
		35B118E62A73BFA300936469 /* Settings */ = {
			isa = PBXGroup;
			children = (
				35B118E72A73BFBC00936469 /* RMSettingsViewVM.swift */,
				35B118E92A73C01500936469 /* RMSettingsCellVM.swift */,
				35B118EB2A73CA5100936469 /* RMSettingsOption.swift */,
			);
			path = Settings;
			sourceTree = "<group>";
		};
		35B118ED2A741A1900936469 /* SwiftUI */ = {
			isa = PBXGroup;
			children = (
				35B118EE2A741A3900936469 /* RMSettingsView.swift */,
			);
			path = SwiftUI;
			sourceTree = "<group>";
		};
		35F9848D2A753CC8002674F7 /* Location */ = {
			isa = PBXGroup;
			children = (
				35F9848E2A753CE8002674F7 /* RMLocationView.swift */,
				35F984952A76D350002674F7 /* RMLocationTableViewCell.swift */,
			);
			path = Location;
			sourceTree = "<group>";
		};
		35F984902A757608002674F7 /* Location */ = {
			isa = PBXGroup;
			children = (
				35F984912A757616002674F7 /* RMLocationViewVM.swift */,
				35F984972A76D7B3002674F7 /* RMLocationTableViewCellVM.swift */,
				35F9849E2A7845AE002674F7 /* RMLocationDetailViewVM.swift */,
			);
			path = Location;
			sourceTree = "<group>";
		};
		35F9849B2A78445B002674F7 /* LocationDetails */ = {
			isa = PBXGroup;
			children = (
				35F9849C2A784486002674F7 /* RMLocationDetailView.swift */,
			);
			path = LocationDetails;
			sourceTree = "<group>";
		};
/* End PBXGroup section */

/* Begin PBXNativeTarget section */
		358D0EB82A5FECEB00EE4749 /* RIckAndMorty */ = {
			isa = PBXNativeTarget;
			buildConfigurationList = 358D0ECD2A5FECF200EE4749 /* Build configuration list for PBXNativeTarget "RIckAndMorty" */;
			buildPhases = (
				358D0EB52A5FECEB00EE4749 /* Sources */,
				358D0EB62A5FECEB00EE4749 /* Frameworks */,
				358D0EB72A5FECEB00EE4749 /* Resources */,
			);
			buildRules = (
			);
			dependencies = (
			);
			name = RIckAndMorty;
			productName = RIckAndMorty;
			productReference = 358D0EB92A5FECEB00EE4749 /* RIckAndMorty.app */;
			productType = "com.apple.product-type.application";
		};
/* End PBXNativeTarget section */

/* Begin PBXProject section */
		358D0EB12A5FECEB00EE4749 /* Project object */ = {
			isa = PBXProject;
			attributes = {
				BuildIndependentTargetsInParallel = 1;
				LastSwiftUpdateCheck = 1430;
				LastUpgradeCheck = 1430;
				TargetAttributes = {
					358D0EB82A5FECEB00EE4749 = {
						CreatedOnToolsVersion = 14.3.1;
					};
				};
			};
			buildConfigurationList = 358D0EB42A5FECEB00EE4749 /* Build configuration list for PBXProject "RIckAndMorty" */;
			compatibilityVersion = "Xcode 14.0";
			developmentRegion = en;
			hasScannedForEncodings = 0;
			knownRegions = (
				en,
				Base,
			);
			mainGroup = 358D0EB02A5FECEB00EE4749;
			productRefGroup = 358D0EBA2A5FECEB00EE4749 /* Products */;
			projectDirPath = "";
			projectRoot = "";
			targets = (
				358D0EB82A5FECEB00EE4749 /* RIckAndMorty */,
			);
		};
/* End PBXProject section */

/* Begin PBXResourcesBuildPhase section */
		358D0EB72A5FECEB00EE4749 /* Resources */ = {
			isa = PBXResourcesBuildPhase;
			buildActionMask = 2147483647;
			files = (
				358D0EC92A5FECF200EE4749 /* LaunchScreen.storyboard in Resources */,
				358D0EC62A5FECF200EE4749 /* Assets.xcassets in Resources */,
			);
			runOnlyForDeploymentPostprocessing = 0;
		};
/* End PBXResourcesBuildPhase section */

/* Begin PBXSourcesBuildPhase section */
		358D0EB52A5FECEB00EE4749 /* Sources */ = {
			isa = PBXSourcesBuildPhase;
			buildActionMask = 2147483647;
			files = (
				358D0EEF2A60070900EE4749 /* RMOrigin.swift in Sources */,
				358D0EF12A60078500EE4749 /* RMSingleLocation.swift in Sources */,
				358D0F212A61F9F700EE4749 /* RMCharacterListView.swift in Sources */,
				35B118DF2A71582C00936469 /* RMSearchViewController.swift in Sources */,
				35B118CA2A6C7C7900936469 /* RMCharacterInfoCollectionViewCellVM.swift in Sources */,
				358D0F1D2A61F5F600EE4749 /* RMGetAllCharactersResponse.swift in Sources */,
				3507C5E92A7AB1D3008E9857 /* RMNoSearchResultsViewVM.swift in Sources */,
				358D0EF52A60097D00EE4749 /* RMCharacterStatus.swift in Sources */,
				358262CB2A8030140085AFF5 /* RMSearchResultVM.swift in Sources */,
				358262CD2A80E3B70085AFF5 /* RMSearchResultsView.swift in Sources */,
				35B118C82A6C7C6800936469 /* RMCharacterPhotoCollectionViewCellVM.swift in Sources */,
				35B118E52A72751600936469 /* RMEpisodeInfoCollectionViewCellVM.swift in Sources */,
				358D0EF72A6009AD00EE4749 /* RMCharacterGender.swift in Sources */,
				35B118B52A69957C00936469 /* RMCharacterDetailViewController.swift in Sources */,
				3507C5E72A7AB1B7008E9857 /* RMNoSearchResultsView.swift in Sources */,
				35B118D82A6FCE3E00936469 /* RMEpisodeListView.swift in Sources */,
				35B118EA2A73C01500936469 /* RMSettingsCellVM.swift in Sources */,
				35F984942A76CB55002674F7 /* RMGetAllLocationsResponse.swift in Sources */,
				358D0EE32A5FF02100EE4749 /* RMLocationsViewController.swift in Sources */,
				35F984962A76D350002674F7 /* RMLocationTableViewCell.swift in Sources */,
				35B118BB2A6B08C200936469 /* RMFooterLoadingCollectionReusableView.swift in Sources */,
				358D0EDE2A5FEF7700EE4749 /* RMEpisode.swift in Sources */,
				358D0F1F2A61F96400EE4749 /* RMCharacterListViewVM.swift in Sources */,
				35B118C32A6C7B6000936469 /* RMCharacterInfoCollectionViewCell.swift in Sources */,
				35B118EC2A73CA5100936469 /* RMSettingsOption.swift in Sources */,
				35B118CC2A6C7C8400936469 /* RMCharacterEpisodeCollectionViewCellVM.swift in Sources */,
				35B118B02A68474A00936469 /* RMCharacterCollectionViewCell.swift in Sources */,
				35F9849A2A7840BE002674F7 /* RMLocationDetailViewController.swift in Sources */,
				358D0EC12A5FECEB00EE4749 /* RMTabBarController.swift in Sources */,
				35B118D32A6FC96E00936469 /* RMEpisodeDetailViewVM.swift in Sources */,
				358D0EE52A5FF03500EE4749 /* RMEpisodesViewController.swift in Sources */,
				3507C5ED2A7AB23B008E9857 /* RMSearchInputViewVM.swift in Sources */,
				35B118DD2A702A9300936469 /* RMGetAllEpisodesResponse.swift in Sources */,
				35B118BD2A6B98A100936469 /* RMImageLoader.swift in Sources */,
				35B118EF2A741A3900936469 /* RMSettingsView.swift in Sources */,
				358D0EBD2A5FECEB00EE4749 /* AppDelegate.swift in Sources */,
				3507C5E22A7AA5D2008E9857 /* RMSearchView.swift in Sources */,
				35B118E82A73BFBC00936469 /* RMSettingsViewVM.swift in Sources */,
				35F9849F2A7845AE002674F7 /* RMLocationDetailViewVM.swift in Sources */,
				35F984922A757616002674F7 /* RMLocationViewVM.swift in Sources */,
				3507C5EB2A7AB21E008E9857 /* RMSearchInputView.swift in Sources */,
				358D0EBF2A5FECEB00EE4749 /* SceneDelegate.swift in Sources */,
				35B118C12A6C7B4900936469 /* RMCharacterPhotoCollectionViewCell.swift in Sources */,
				35F984982A76D7B3002674F7 /* RMLocationTableViewCellVM.swift in Sources */,
				35B118AE2A6682D400936469 /* Extensions.swift in Sources */,
				358D0EE72A5FF04400EE4749 /* RMSettingsViewController.swift in Sources */,
				35F9849D2A784486002674F7 /* RMLocationDetailView.swift in Sources */,
				358D0EED2A6000EC00EE4749 /* RMEndpoint.swift in Sources */,
				3507C5EF2A7BF97D008E9857 /* RMSearchOptionPickerViewController.swift in Sources */,
				358D0EE92A5FFE2000EE4749 /* RMService.swift in Sources */,
				358D0EDA2A5FEF4E00EE4749 /* RMLocation.swift in Sources */,
				35B118D52A6FCAB600936469 /* RMEpisodeDetailView.swift in Sources */,
				35B118DB2A70216100936469 /* RMEpisodeListViewVM.swift in Sources */,
				35B118CF2A6EB00600936469 /* RMEpisodeDetailViewController.swift in Sources */,
				358D0EDC2A5FEF6800EE4749 /* RMCharacter.swift in Sources */,
				35B118B92A69991500936469 /* RMCharacterDetailViewVM.swift in Sources */,
				35F9848F2A753CE8002674F7 /* RMLocationView.swift in Sources */,
				3507C5E52A7AA69A008E9857 /* RMSearchViewVM.swift in Sources */,
				358D0EEB2A5FFE3300EE4749 /* RMRequest.swift in Sources */,
				35B118B22A68492700936469 /* RMCharacterCollectionViewCellVM.swift in Sources */,
				35B118C52A6C7B7D00936469 /* RMCharacterEpisodeCollectionViewCell.swift in Sources */,
				358D0EE12A5FF00E00EE4749 /* RMCharactersViewController.swift in Sources */,
				35B118E22A7274BA00936469 /* RMEpisodeInfoCollectionViewCell.swift in Sources */,
				35B118D12A6F002600936469 /* RMAPICacheManager.swift in Sources */,
				35B118B72A69987800936469 /* RMCharacterDetailView.swift in Sources */,
			);
			runOnlyForDeploymentPostprocessing = 0;
		};
/* End PBXSourcesBuildPhase section */

/* Begin PBXVariantGroup section */
		358D0EC72A5FECF200EE4749 /* LaunchScreen.storyboard */ = {
			isa = PBXVariantGroup;
			children = (
				358D0EC82A5FECF200EE4749 /* Base */,
			);
			name = LaunchScreen.storyboard;
			sourceTree = "<group>";
		};
/* End PBXVariantGroup section */

/* Begin XCBuildConfiguration section */
		358D0ECB2A5FECF200EE4749 /* Debug */ = {
			isa = XCBuildConfiguration;
			buildSettings = {
				ALWAYS_SEARCH_USER_PATHS = NO;
				CLANG_ANALYZER_NONNULL = YES;
				CLANG_ANALYZER_NUMBER_OBJECT_CONVERSION = YES_AGGRESSIVE;
				CLANG_CXX_LANGUAGE_STANDARD = "gnu++20";
				CLANG_ENABLE_MODULES = YES;
				CLANG_ENABLE_OBJC_ARC = YES;
				CLANG_ENABLE_OBJC_WEAK = YES;
				CLANG_WARN_BLOCK_CAPTURE_AUTORELEASING = YES;
				CLANG_WARN_BOOL_CONVERSION = YES;
				CLANG_WARN_COMMA = YES;
				CLANG_WARN_CONSTANT_CONVERSION = YES;
				CLANG_WARN_DEPRECATED_OBJC_IMPLEMENTATIONS = YES;
				CLANG_WARN_DIRECT_OBJC_ISA_USAGE = YES_ERROR;
				CLANG_WARN_DOCUMENTATION_COMMENTS = YES;
				CLANG_WARN_EMPTY_BODY = YES;
				CLANG_WARN_ENUM_CONVERSION = YES;
				CLANG_WARN_INFINITE_RECURSION = YES;
				CLANG_WARN_INT_CONVERSION = YES;
				CLANG_WARN_NON_LITERAL_NULL_CONVERSION = YES;
				CLANG_WARN_OBJC_IMPLICIT_RETAIN_SELF = YES;
				CLANG_WARN_OBJC_LITERAL_CONVERSION = YES;
				CLANG_WARN_OBJC_ROOT_CLASS = YES_ERROR;
				CLANG_WARN_QUOTED_INCLUDE_IN_FRAMEWORK_HEADER = YES;
				CLANG_WARN_RANGE_LOOP_ANALYSIS = YES;
				CLANG_WARN_STRICT_PROTOTYPES = YES;
				CLANG_WARN_SUSPICIOUS_MOVE = YES;
				CLANG_WARN_UNGUARDED_AVAILABILITY = YES_AGGRESSIVE;
				CLANG_WARN_UNREACHABLE_CODE = YES;
				CLANG_WARN__DUPLICATE_METHOD_MATCH = YES;
				COPY_PHASE_STRIP = NO;
				DEBUG_INFORMATION_FORMAT = dwarf;
				ENABLE_STRICT_OBJC_MSGSEND = YES;
				ENABLE_TESTABILITY = YES;
				GCC_C_LANGUAGE_STANDARD = gnu11;
				GCC_DYNAMIC_NO_PIC = NO;
				GCC_NO_COMMON_BLOCKS = YES;
				GCC_OPTIMIZATION_LEVEL = 0;
				GCC_PREPROCESSOR_DEFINITIONS = (
					"DEBUG=1",
					"$(inherited)",
				);
				GCC_WARN_64_TO_32_BIT_CONVERSION = YES;
				GCC_WARN_ABOUT_RETURN_TYPE = YES_ERROR;
				GCC_WARN_UNDECLARED_SELECTOR = YES;
				GCC_WARN_UNINITIALIZED_AUTOS = YES_AGGRESSIVE;
				GCC_WARN_UNUSED_FUNCTION = YES;
				GCC_WARN_UNUSED_VARIABLE = YES;
				IPHONEOS_DEPLOYMENT_TARGET = 16.4;
				MTL_ENABLE_DEBUG_INFO = INCLUDE_SOURCE;
				MTL_FAST_MATH = YES;
				ONLY_ACTIVE_ARCH = YES;
				SDKROOT = iphoneos;
				SWIFT_ACTIVE_COMPILATION_CONDITIONS = DEBUG;
				SWIFT_OPTIMIZATION_LEVEL = "-Onone";
			};
			name = Debug;
		};
		358D0ECC2A5FECF200EE4749 /* Release */ = {
			isa = XCBuildConfiguration;
			buildSettings = {
				ALWAYS_SEARCH_USER_PATHS = NO;
				CLANG_ANALYZER_NONNULL = YES;
				CLANG_ANALYZER_NUMBER_OBJECT_CONVERSION = YES_AGGRESSIVE;
				CLANG_CXX_LANGUAGE_STANDARD = "gnu++20";
				CLANG_ENABLE_MODULES = YES;
				CLANG_ENABLE_OBJC_ARC = YES;
				CLANG_ENABLE_OBJC_WEAK = YES;
				CLANG_WARN_BLOCK_CAPTURE_AUTORELEASING = YES;
				CLANG_WARN_BOOL_CONVERSION = YES;
				CLANG_WARN_COMMA = YES;
				CLANG_WARN_CONSTANT_CONVERSION = YES;
				CLANG_WARN_DEPRECATED_OBJC_IMPLEMENTATIONS = YES;
				CLANG_WARN_DIRECT_OBJC_ISA_USAGE = YES_ERROR;
				CLANG_WARN_DOCUMENTATION_COMMENTS = YES;
				CLANG_WARN_EMPTY_BODY = YES;
				CLANG_WARN_ENUM_CONVERSION = YES;
				CLANG_WARN_INFINITE_RECURSION = YES;
				CLANG_WARN_INT_CONVERSION = YES;
				CLANG_WARN_NON_LITERAL_NULL_CONVERSION = YES;
				CLANG_WARN_OBJC_IMPLICIT_RETAIN_SELF = YES;
				CLANG_WARN_OBJC_LITERAL_CONVERSION = YES;
				CLANG_WARN_OBJC_ROOT_CLASS = YES_ERROR;
				CLANG_WARN_QUOTED_INCLUDE_IN_FRAMEWORK_HEADER = YES;
				CLANG_WARN_RANGE_LOOP_ANALYSIS = YES;
				CLANG_WARN_STRICT_PROTOTYPES = YES;
				CLANG_WARN_SUSPICIOUS_MOVE = YES;
				CLANG_WARN_UNGUARDED_AVAILABILITY = YES_AGGRESSIVE;
				CLANG_WARN_UNREACHABLE_CODE = YES;
				CLANG_WARN__DUPLICATE_METHOD_MATCH = YES;
				COPY_PHASE_STRIP = NO;
				DEBUG_INFORMATION_FORMAT = "dwarf-with-dsym";
				ENABLE_NS_ASSERTIONS = NO;
				ENABLE_STRICT_OBJC_MSGSEND = YES;
				GCC_C_LANGUAGE_STANDARD = gnu11;
				GCC_NO_COMMON_BLOCKS = YES;
				GCC_WARN_64_TO_32_BIT_CONVERSION = YES;
				GCC_WARN_ABOUT_RETURN_TYPE = YES_ERROR;
				GCC_WARN_UNDECLARED_SELECTOR = YES;
				GCC_WARN_UNINITIALIZED_AUTOS = YES_AGGRESSIVE;
				GCC_WARN_UNUSED_FUNCTION = YES;
				GCC_WARN_UNUSED_VARIABLE = YES;
				IPHONEOS_DEPLOYMENT_TARGET = 16.4;
				MTL_ENABLE_DEBUG_INFO = NO;
				MTL_FAST_MATH = YES;
				SDKROOT = iphoneos;
				SWIFT_COMPILATION_MODE = wholemodule;
				SWIFT_OPTIMIZATION_LEVEL = "-O";
				VALIDATE_PRODUCT = YES;
			};
			name = Release;
		};
		358D0ECE2A5FECF200EE4749 /* Debug */ = {
			isa = XCBuildConfiguration;
			buildSettings = {
				ASSETCATALOG_COMPILER_APPICON_NAME = AppIcon;
				ASSETCATALOG_COMPILER_GLOBAL_ACCENT_COLOR_NAME = AccentColor;
				CODE_SIGN_STYLE = Automatic;
				CURRENT_PROJECT_VERSION = 1;
				DEVELOPMENT_TEAM = 7GR66NG8SN;
				GENERATE_INFOPLIST_FILE = YES;
				INFOPLIST_FILE = RIckAndMorty/SupportingFiles/Info.plist;
				INFOPLIST_KEY_CFBundleDisplayName = "Rick & Morty";
				INFOPLIST_KEY_LSApplicationCategoryType = "public.app-category.education";
				INFOPLIST_KEY_UIApplicationSupportsIndirectInputEvents = YES;
				INFOPLIST_KEY_UILaunchStoryboardName = LaunchScreen;
				INFOPLIST_KEY_UIMainStoryboardFile = "";
				INFOPLIST_KEY_UISupportedInterfaceOrientations_iPad = "UIInterfaceOrientationPortrait UIInterfaceOrientationPortraitUpsideDown UIInterfaceOrientationLandscapeLeft UIInterfaceOrientationLandscapeRight";
				INFOPLIST_KEY_UISupportedInterfaceOrientations_iPhone = "UIInterfaceOrientationPortrait UIInterfaceOrientationLandscapeLeft UIInterfaceOrientationLandscapeRight";
				LD_RUNPATH_SEARCH_PATHS = (
					"$(inherited)",
					"@executable_path/Frameworks",
				);
				MARKETING_VERSION = 1.0;
				PRODUCT_BUNDLE_IDENTIFIER = com.silencepeaceoff.RIckAndMorty;
				PRODUCT_NAME = "$(TARGET_NAME)";
				SWIFT_EMIT_LOC_STRINGS = YES;
				SWIFT_VERSION = 5.0;
				TARGETED_DEVICE_FAMILY = "1,2";
			};
			name = Debug;
		};
		358D0ECF2A5FECF200EE4749 /* Release */ = {
			isa = XCBuildConfiguration;
			buildSettings = {
				ASSETCATALOG_COMPILER_APPICON_NAME = AppIcon;
				ASSETCATALOG_COMPILER_GLOBAL_ACCENT_COLOR_NAME = AccentColor;
				CODE_SIGN_STYLE = Automatic;
				CURRENT_PROJECT_VERSION = 1;
				DEVELOPMENT_TEAM = 7GR66NG8SN;
				GENERATE_INFOPLIST_FILE = YES;
				INFOPLIST_FILE = RIckAndMorty/SupportingFiles/Info.plist;
				INFOPLIST_KEY_CFBundleDisplayName = "Rick & Morty";
				INFOPLIST_KEY_LSApplicationCategoryType = "public.app-category.education";
				INFOPLIST_KEY_UIApplicationSupportsIndirectInputEvents = YES;
				INFOPLIST_KEY_UILaunchStoryboardName = LaunchScreen;
				INFOPLIST_KEY_UIMainStoryboardFile = "";
				INFOPLIST_KEY_UISupportedInterfaceOrientations_iPad = "UIInterfaceOrientationPortrait UIInterfaceOrientationPortraitUpsideDown UIInterfaceOrientationLandscapeLeft UIInterfaceOrientationLandscapeRight";
				INFOPLIST_KEY_UISupportedInterfaceOrientations_iPhone = "UIInterfaceOrientationPortrait UIInterfaceOrientationLandscapeLeft UIInterfaceOrientationLandscapeRight";
				LD_RUNPATH_SEARCH_PATHS = (
					"$(inherited)",
					"@executable_path/Frameworks",
				);
				MARKETING_VERSION = 1.0;
				PRODUCT_BUNDLE_IDENTIFIER = com.silencepeaceoff.RIckAndMorty;
				PRODUCT_NAME = "$(TARGET_NAME)";
				SWIFT_EMIT_LOC_STRINGS = YES;
				SWIFT_VERSION = 5.0;
				TARGETED_DEVICE_FAMILY = "1,2";
			};
			name = Release;
		};
/* End XCBuildConfiguration section */

/* Begin XCConfigurationList section */
		358D0EB42A5FECEB00EE4749 /* Build configuration list for PBXProject "RIckAndMorty" */ = {
			isa = XCConfigurationList;
			buildConfigurations = (
				358D0ECB2A5FECF200EE4749 /* Debug */,
				358D0ECC2A5FECF200EE4749 /* Release */,
			);
			defaultConfigurationIsVisible = 0;
			defaultConfigurationName = Release;
		};
		358D0ECD2A5FECF200EE4749 /* Build configuration list for PBXNativeTarget "RIckAndMorty" */ = {
			isa = XCConfigurationList;
			buildConfigurations = (
				358D0ECE2A5FECF200EE4749 /* Debug */,
				358D0ECF2A5FECF200EE4749 /* Release */,
			);
			defaultConfigurationIsVisible = 0;
			defaultConfigurationName = Release;
		};
/* End XCConfigurationList section */
	};
	rootObject = 358D0EB12A5FECEB00EE4749 /* Project object */;
}
